
Microsoft Visual Studio Solution File, Format Version 12.00
# Visual Studio Version 16
VisualStudioVersion = 16.0.30907.101
MinimumVisualStudioVersion = 10.0.40219.1
Project("{FAE04EC0-301F-11D3-BF4B-00C04F79EFBC}") = "220411", "220411\220411.csproj", "{EF1A2A3B-36F5-4F92-A0F1-DCAEE2F571F0}"
EndProject
Global
	GlobalSection(SolutionConfigurationPlatforms) = preSolution
		Debug|Any CPU = Debug|Any CPU
		Release|Any CPU = Release|Any CPU
	EndGlobalSection
	GlobalSection(ProjectConfigurationPlatforms) = postSolution
		{EF1A2A3B-36F5-4F92-A0F1-DCAEE2F571F0}.Debug|Any CPU.ActiveCfg = Debug|Any CPU
		{EF1A2A3B-36F5-4F92-A0F1-DCAEE2F571F0}.Debug|Any CPU.Build.0 = Debug|Any CPU
		{EF1A2A3B-36F5-4F92-A0F1-DCAEE2F571F0}.Release|Any CPU.ActiveCfg = Release|Any CPU
		{EF1A2A3B-36F5-4F92-A0F1-DCAEE2F571F0}.Release|Any CPU.Build.0 = Release|Any CPU
	EndGlobalSection
	GlobalSection(SolutionProperties) = preSolution
		HideSolutionNode = FALSE
	EndGlobalSection
	GlobalSection(ExtensibilityGlobals) = postSolution
		SolutionGuid = {25D557B5-CC58-4830-A7AE-AE7239F3CCFC}
	EndGlobalSection
EndGlobal
